// !$*UTF8*$!
{
	archiveVersion = 1;
	classes = {
	};
	objectVersion = 55;
	objects = {

/* Begin PBXBuildFile section */
		B1FCB69327F300BC00CF1E55 /* AppDelegate.swift in Sources */ = {isa = PBXBuildFile; fileRef = B1FCB69227F300BC00CF1E55 /* AppDelegate.swift */; };
		B1FCB69527F300BC00CF1E55 /* SceneDelegate.swift in Sources */ = {isa = PBXBuildFile; fileRef = B1FCB69427F300BC00CF1E55 /* SceneDelegate.swift */; };
		B1FCB69C27F300BD00CF1E55 /* Assets.xcassets in Resources */ = {isa = PBXBuildFile; fileRef = B1FCB69B27F300BD00CF1E55 /* Assets.xcassets */; };
		B1FCB69F27F300BD00CF1E55 /* LaunchScreen.storyboard in Resources */ = {isa = PBXBuildFile; fileRef = B1FCB69D27F300BD00CF1E55 /* LaunchScreen.storyboard */; };
		B1FCB6AA27F300BD00CF1E55 /* CleanSwiftArchitectureTests.swift in Sources */ = {isa = PBXBuildFile; fileRef = B1FCB6A927F300BD00CF1E55 /* CleanSwiftArchitectureTests.swift */; };
		B1FCB6B427F300BD00CF1E55 /* CleanSwiftArchitectureUITests.swift in Sources */ = {isa = PBXBuildFile; fileRef = B1FCB6B327F300BD00CF1E55 /* CleanSwiftArchitectureUITests.swift */; };
		B1FCB6B627F300BD00CF1E55 /* CleanSwiftArchitectureUITestsLaunchTests.swift in Sources */ = {isa = PBXBuildFile; fileRef = B1FCB6B527F300BD00CF1E55 /* CleanSwiftArchitectureUITestsLaunchTests.swift */; };
		B1FCB6D027F3014C00CF1E55 /* HomePresenter.swift in Sources */ = {isa = PBXBuildFile; fileRef = B1FCB6CA27F3014C00CF1E55 /* HomePresenter.swift */; };
		B1FCB6D127F3014C00CF1E55 /* HomeWorker.swift in Sources */ = {isa = PBXBuildFile; fileRef = B1FCB6CB27F3014C00CF1E55 /* HomeWorker.swift */; };
		B1FCB6D227F3014C00CF1E55 /* HomeRouter.swift in Sources */ = {isa = PBXBuildFile; fileRef = B1FCB6CC27F3014C00CF1E55 /* HomeRouter.swift */; };
		B1FCB6D327F3014C00CF1E55 /* HomeModels.swift in Sources */ = {isa = PBXBuildFile; fileRef = B1FCB6CD27F3014C00CF1E55 /* HomeModels.swift */; };
		B1FCB6D427F3014C00CF1E55 /* HomeViewController.swift in Sources */ = {isa = PBXBuildFile; fileRef = B1FCB6CE27F3014C00CF1E55 /* HomeViewController.swift */; };
		B1FCB6D527F3014C00CF1E55 /* HomeInteractor.swift in Sources */ = {isa = PBXBuildFile; fileRef = B1FCB6CF27F3014C00CF1E55 /* HomeInteractor.swift */; };
		B1FCB6DC27F3016000CF1E55 /* DescPresenter.swift in Sources */ = {isa = PBXBuildFile; fileRef = B1FCB6D627F3016000CF1E55 /* DescPresenter.swift */; };
		B1FCB6DD27F3016000CF1E55 /* DescWorker.swift in Sources */ = {isa = PBXBuildFile; fileRef = B1FCB6D727F3016000CF1E55 /* DescWorker.swift */; };
		B1FCB6DE27F3016000CF1E55 /* DescRouter.swift in Sources */ = {isa = PBXBuildFile; fileRef = B1FCB6D827F3016000CF1E55 /* DescRouter.swift */; };
		B1FCB6DF27F3016000CF1E55 /* DescModels.swift in Sources */ = {isa = PBXBuildFile; fileRef = B1FCB6D927F3016000CF1E55 /* DescModels.swift */; };
		B1FCB6E027F3016000CF1E55 /* DescViewController.swift in Sources */ = {isa = PBXBuildFile; fileRef = B1FCB6DA27F3016000CF1E55 /* DescViewController.swift */; };
		B1FCB6E127F3016000CF1E55 /* DescInteractor.swift in Sources */ = {isa = PBXBuildFile; fileRef = B1FCB6DB27F3016000CF1E55 /* DescInteractor.swift */; };
		B1FCB6E627F301B600CF1E55 /* Utils.swift in Sources */ = {isa = PBXBuildFile; fileRef = B1FCB6E527F301B600CF1E55 /* Utils.swift */; };
		B1FCB6E927F301BF00CF1E55 /* Extension+Date.swift in Sources */ = {isa = PBXBuildFile; fileRef = B1FCB6E727F301BF00CF1E55 /* Extension+Date.swift */; };
		B1FCB6EA27F301BF00CF1E55 /* Extension+UIApplication.swift in Sources */ = {isa = PBXBuildFile; fileRef = B1FCB6E827F301BF00CF1E55 /* Extension+UIApplication.swift */; };
		B1FCB6EF27F301DF00CF1E55 /* APISession.swift in Sources */ = {isa = PBXBuildFile; fileRef = B1FCB6EB27F301DF00CF1E55 /* APISession.swift */; };
		B1FCB6F027F301DF00CF1E55 /* DefaultNetworkService.swift in Sources */ = {isa = PBXBuildFile; fileRef = B1FCB6EC27F301DF00CF1E55 /* DefaultNetworkService.swift */; };
		B1FCB6F127F301DF00CF1E55 /* NetworkConfig.swift in Sources */ = {isa = PBXBuildFile; fileRef = B1FCB6ED27F301DF00CF1E55 /* NetworkConfig.swift */; };
		B1FCB6F227F301DF00CF1E55 /* NetworkLogger.swift in Sources */ = {isa = PBXBuildFile; fileRef = B1FCB6EE27F301DF00CF1E55 /* NetworkLogger.swift */; };
		B1FCB6F827F3041900CF1E55 /* User.swift in Sources */ = {isa = PBXBuildFile; fileRef = B1FCB6F727F3041900CF1E55 /* User.swift */; };
/* End PBXBuildFile section */

/* Begin PBXContainerItemProxy section */
		B1FCB6A627F300BD00CF1E55 /* PBXContainerItemProxy */ = {
			isa = PBXContainerItemProxy;
			containerPortal = B1FCB68727F300BC00CF1E55 /* Project object */;
			proxyType = 1;
			remoteGlobalIDString = B1FCB68E27F300BC00CF1E55;
			remoteInfo = CleanSwiftArchitecture;
		};
		B1FCB6B027F300BD00CF1E55 /* PBXContainerItemProxy */ = {
			isa = PBXContainerItemProxy;
			containerPortal = B1FCB68727F300BC00CF1E55 /* Project object */;
			proxyType = 1;
			remoteGlobalIDString = B1FCB68E27F300BC00CF1E55;
			remoteInfo = CleanSwiftArchitecture;
		};
/* End PBXContainerItemProxy section */

/* Begin PBXFileReference section */
		B1FCB68F27F300BC00CF1E55 /* CleanSwiftArchitecture.app */ = {isa = PBXFileReference; explicitFileType = wrapper.application; includeInIndex = 0; path = CleanSwiftArchitecture.app; sourceTree = BUILT_PRODUCTS_DIR; };
		B1FCB69227F300BC00CF1E55 /* AppDelegate.swift */ = {isa = PBXFileReference; lastKnownFileType = sourcecode.swift; path = AppDelegate.swift; sourceTree = "<group>"; };
		B1FCB69427F300BC00CF1E55 /* SceneDelegate.swift */ = {isa = PBXFileReference; lastKnownFileType = sourcecode.swift; path = SceneDelegate.swift; sourceTree = "<group>"; };
		B1FCB69B27F300BD00CF1E55 /* Assets.xcassets */ = {isa = PBXFileReference; lastKnownFileType = folder.assetcatalog; path = Assets.xcassets; sourceTree = "<group>"; };
		B1FCB69E27F300BD00CF1E55 /* Base */ = {isa = PBXFileReference; lastKnownFileType = file.storyboard; name = Base; path = Base.lproj/LaunchScreen.storyboard; sourceTree = "<group>"; };
		B1FCB6A027F300BD00CF1E55 /* Info.plist */ = {isa = PBXFileReference; lastKnownFileType = text.plist.xml; path = Info.plist; sourceTree = "<group>"; };
		B1FCB6A527F300BD00CF1E55 /* CleanSwiftArchitectureTests.xctest */ = {isa = PBXFileReference; explicitFileType = wrapper.cfbundle; includeInIndex = 0; path = CleanSwiftArchitectureTests.xctest; sourceTree = BUILT_PRODUCTS_DIR; };
		B1FCB6A927F300BD00CF1E55 /* CleanSwiftArchitectureTests.swift */ = {isa = PBXFileReference; lastKnownFileType = sourcecode.swift; path = CleanSwiftArchitectureTests.swift; sourceTree = "<group>"; };
		B1FCB6AF27F300BD00CF1E55 /* CleanSwiftArchitectureUITests.xctest */ = {isa = PBXFileReference; explicitFileType = wrapper.cfbundle; includeInIndex = 0; path = CleanSwiftArchitectureUITests.xctest; sourceTree = BUILT_PRODUCTS_DIR; };
		B1FCB6B327F300BD00CF1E55 /* CleanSwiftArchitectureUITests.swift */ = {isa = PBXFileReference; lastKnownFileType = sourcecode.swift; path = CleanSwiftArchitectureUITests.swift; sourceTree = "<group>"; };
		B1FCB6B527F300BD00CF1E55 /* CleanSwiftArchitectureUITestsLaunchTests.swift */ = {isa = PBXFileReference; lastKnownFileType = sourcecode.swift; path = CleanSwiftArchitectureUITestsLaunchTests.swift; sourceTree = "<group>"; };
		B1FCB6CA27F3014C00CF1E55 /* HomePresenter.swift */ = {isa = PBXFileReference; lastKnownFileType = sourcecode.swift; path = HomePresenter.swift; sourceTree = "<group>"; };
		B1FCB6CB27F3014C00CF1E55 /* HomeWorker.swift */ = {isa = PBXFileReference; lastKnownFileType = sourcecode.swift; path = HomeWorker.swift; sourceTree = "<group>"; };
		B1FCB6CC27F3014C00CF1E55 /* HomeRouter.swift */ = {isa = PBXFileReference; lastKnownFileType = sourcecode.swift; path = HomeRouter.swift; sourceTree = "<group>"; };
		B1FCB6CD27F3014C00CF1E55 /* HomeModels.swift */ = {isa = PBXFileReference; lastKnownFileType = sourcecode.swift; path = HomeModels.swift; sourceTree = "<group>"; };
		B1FCB6CE27F3014C00CF1E55 /* HomeViewController.swift */ = {isa = PBXFileReference; lastKnownFileType = sourcecode.swift; path = HomeViewController.swift; sourceTree = "<group>"; };
		B1FCB6CF27F3014C00CF1E55 /* HomeInteractor.swift */ = {isa = PBXFileReference; lastKnownFileType = sourcecode.swift; path = HomeInteractor.swift; sourceTree = "<group>"; };
		B1FCB6D627F3016000CF1E55 /* DescPresenter.swift */ = {isa = PBXFileReference; lastKnownFileType = sourcecode.swift; path = DescPresenter.swift; sourceTree = "<group>"; };
		B1FCB6D727F3016000CF1E55 /* DescWorker.swift */ = {isa = PBXFileReference; lastKnownFileType = sourcecode.swift; path = DescWorker.swift; sourceTree = "<group>"; };
		B1FCB6D827F3016000CF1E55 /* DescRouter.swift */ = {isa = PBXFileReference; lastKnownFileType = sourcecode.swift; path = DescRouter.swift; sourceTree = "<group>"; };
		B1FCB6D927F3016000CF1E55 /* DescModels.swift */ = {isa = PBXFileReference; lastKnownFileType = sourcecode.swift; path = DescModels.swift; sourceTree = "<group>"; };
		B1FCB6DA27F3016000CF1E55 /* DescViewController.swift */ = {isa = PBXFileReference; lastKnownFileType = sourcecode.swift; path = DescViewController.swift; sourceTree = "<group>"; };
		B1FCB6DB27F3016000CF1E55 /* DescInteractor.swift */ = {isa = PBXFileReference; lastKnownFileType = sourcecode.swift; path = DescInteractor.swift; sourceTree = "<group>"; };
		B1FCB6E527F301B600CF1E55 /* Utils.swift */ = {isa = PBXFileReference; fileEncoding = 4; lastKnownFileType = sourcecode.swift; path = Utils.swift; sourceTree = "<group>"; };
		B1FCB6E727F301BF00CF1E55 /* Extension+Date.swift */ = {isa = PBXFileReference; fileEncoding = 4; lastKnownFileType = sourcecode.swift; path = "Extension+Date.swift"; sourceTree = "<group>"; };
		B1FCB6E827F301BF00CF1E55 /* Extension+UIApplication.swift */ = {isa = PBXFileReference; fileEncoding = 4; lastKnownFileType = sourcecode.swift; path = "Extension+UIApplication.swift"; sourceTree = "<group>"; };
		B1FCB6EB27F301DF00CF1E55 /* APISession.swift */ = {isa = PBXFileReference; fileEncoding = 4; lastKnownFileType = sourcecode.swift; path = APISession.swift; sourceTree = "<group>"; };
		B1FCB6EC27F301DF00CF1E55 /* DefaultNetworkService.swift */ = {isa = PBXFileReference; fileEncoding = 4; lastKnownFileType = sourcecode.swift; path = DefaultNetworkService.swift; sourceTree = "<group>"; };
		B1FCB6ED27F301DF00CF1E55 /* NetworkConfig.swift */ = {isa = PBXFileReference; fileEncoding = 4; lastKnownFileType = sourcecode.swift; path = NetworkConfig.swift; sourceTree = "<group>"; };
		B1FCB6EE27F301DF00CF1E55 /* NetworkLogger.swift */ = {isa = PBXFileReference; fileEncoding = 4; lastKnownFileType = sourcecode.swift; path = NetworkLogger.swift; sourceTree = "<group>"; };
		B1FCB6F727F3041900CF1E55 /* User.swift */ = {isa = PBXFileReference; lastKnownFileType = sourcecode.swift; path = User.swift; sourceTree = "<group>"; };
/* End PBXFileReference section */

/* Begin PBXFrameworksBuildPhase section */
		B1FCB68C27F300BC00CF1E55 /* Frameworks */ = {
			isa = PBXFrameworksBuildPhase;
			buildActionMask = 2147483647;
			files = (
			);
			runOnlyForDeploymentPostprocessing = 0;
		};
		B1FCB6A227F300BD00CF1E55 /* Frameworks */ = {
			isa = PBXFrameworksBuildPhase;
			buildActionMask = 2147483647;
			files = (
			);
			runOnlyForDeploymentPostprocessing = 0;
		};
		B1FCB6AC27F300BD00CF1E55 /* Frameworks */ = {
			isa = PBXFrameworksBuildPhase;
			buildActionMask = 2147483647;
			files = (
			);
			runOnlyForDeploymentPostprocessing = 0;
		};
/* End PBXFrameworksBuildPhase section */

/* Begin PBXGroup section */
		B1FCB68627F300BC00CF1E55 = {
			isa = PBXGroup;
			children = (
				B1FCB69127F300BC00CF1E55 /* CleanSwiftArchitecture */,
				B1FCB6A827F300BD00CF1E55 /* CleanSwiftArchitectureTests */,
				B1FCB6B227F300BD00CF1E55 /* CleanSwiftArchitectureUITests */,
				B1FCB69027F300BC00CF1E55 /* Products */,
			);
			sourceTree = "<group>";
		};
		B1FCB69027F300BC00CF1E55 /* Products */ = {
			isa = PBXGroup;
			children = (
				B1FCB68F27F300BC00CF1E55 /* CleanSwiftArchitecture.app */,
				B1FCB6A527F300BD00CF1E55 /* CleanSwiftArchitectureTests.xctest */,
				B1FCB6AF27F300BD00CF1E55 /* CleanSwiftArchitectureUITests.xctest */,
			);
			name = Products;
			sourceTree = "<group>";
		};
		B1FCB69127F300BC00CF1E55 /* CleanSwiftArchitecture */ = {
			isa = PBXGroup;
			children = (
				B1FCB6C227F300C200CF1E55 /* App */,
				B1FCB6C327F300CD00CF1E55 /* Scenes */,
				B1FCB6C727F300F400CF1E55 /* Models */,
				B1FCB6C427F300CE00CF1E55 /* Services */,
				B1FCB6C527F300D000CF1E55 /* Utils */,
				B1FCB6C627F300E300CF1E55 /* Extensions */,
				B1FCB69B27F300BD00CF1E55 /* Assets.xcassets */,
				B1FCB6A027F300BD00CF1E55 /* Info.plist */,
			);
			path = CleanSwiftArchitecture;
			sourceTree = "<group>";
		};
		B1FCB6A827F300BD00CF1E55 /* CleanSwiftArchitectureTests */ = {
			isa = PBXGroup;
			children = (
				B1FCB6A927F300BD00CF1E55 /* CleanSwiftArchitectureTests.swift */,
			);
			path = CleanSwiftArchitectureTests;
			sourceTree = "<group>";
		};
		B1FCB6B227F300BD00CF1E55 /* CleanSwiftArchitectureUITests */ = {
			isa = PBXGroup;
			children = (
				B1FCB6B327F300BD00CF1E55 /* CleanSwiftArchitectureUITests.swift */,
				B1FCB6B527F300BD00CF1E55 /* CleanSwiftArchitectureUITestsLaunchTests.swift */,
			);
			path = CleanSwiftArchitectureUITests;
			sourceTree = "<group>";
		};
		B1FCB6C227F300C200CF1E55 /* App */ = {
			isa = PBXGroup;
			children = (
				B1FCB69227F300BC00CF1E55 /* AppDelegate.swift */,
				B1FCB69427F300BC00CF1E55 /* SceneDelegate.swift */,
				B1FCB69D27F300BD00CF1E55 /* LaunchScreen.storyboard */,
			);
			path = App;
			sourceTree = "<group>";
		};
		B1FCB6C327F300CD00CF1E55 /* Scenes */ = {
			isa = PBXGroup;
			children = (
				B1FCB6C827F3012F00CF1E55 /* Home */,
				B1FCB6C927F3013500CF1E55 /* Desc */,
			);
			path = Scenes;
			sourceTree = "<group>";
		};
		B1FCB6C427F300CE00CF1E55 /* Services */ = {
			isa = PBXGroup;
			children = (
				B1FCB6E227F3016B00CF1E55 /* API */,
			);
			path = Services;
			sourceTree = "<group>";
		};
		B1FCB6C527F300D000CF1E55 /* Utils */ = {
			isa = PBXGroup;
			children = (
				B1FCB6E527F301B600CF1E55 /* Utils.swift */,
				B1FCB6EE27F301DF00CF1E55 /* NetworkLogger.swift */,
				B1FCB6EB27F301DF00CF1E55 /* APISession.swift */,
			);
			path = Utils;
			sourceTree = "<group>";
		};
		B1FCB6C627F300E300CF1E55 /* Extensions */ = {
			isa = PBXGroup;
			children = (
				B1FCB6E727F301BF00CF1E55 /* Extension+Date.swift */,
				B1FCB6E827F301BF00CF1E55 /* Extension+UIApplication.swift */,
			);
			path = Extensions;
			sourceTree = "<group>";
		};
		B1FCB6C727F300F400CF1E55 /* Models */ = {
			isa = PBXGroup;
			children = (
				B1FCB6F727F3041900CF1E55 /* User.swift */,
			);
			path = Models;
			sourceTree = "<group>";
		};
		B1FCB6C827F3012F00CF1E55 /* Home */ = {
			isa = PBXGroup;
			children = (
				B1FCB6CA27F3014C00CF1E55 /* HomePresenter.swift */,
				B1FCB6CB27F3014C00CF1E55 /* HomeWorker.swift */,
				B1FCB6CC27F3014C00CF1E55 /* HomeRouter.swift */,
				B1FCB6CD27F3014C00CF1E55 /* HomeModels.swift */,
				B1FCB6CE27F3014C00CF1E55 /* HomeViewController.swift */,
				B1FCB6CF27F3014C00CF1E55 /* HomeInteractor.swift */,
			);
			path = Home;
			sourceTree = "<group>";
		};
		B1FCB6C927F3013500CF1E55 /* Desc */ = {
			isa = PBXGroup;
			children = (
				B1FCB6D627F3016000CF1E55 /* DescPresenter.swift */,
				B1FCB6D727F3016000CF1E55 /* DescWorker.swift */,
				B1FCB6D827F3016000CF1E55 /* DescRouter.swift */,
				B1FCB6D927F3016000CF1E55 /* DescModels.swift */,
				B1FCB6DA27F3016000CF1E55 /* DescViewController.swift */,
				B1FCB6DB27F3016000CF1E55 /* DescInteractor.swift */,
			);
			path = Desc;
			sourceTree = "<group>";
		};
		B1FCB6E227F3016B00CF1E55 /* API */ = {
			isa = PBXGroup;
			children = (
				B1FCB6EC27F301DF00CF1E55 /* DefaultNetworkService.swift */,
				B1FCB6ED27F301DF00CF1E55 /* NetworkConfig.swift */,
			);
			path = API;
			sourceTree = "<group>";
		};
/* End PBXGroup section */

/* Begin PBXNativeTarget section */
		B1FCB68E27F300BC00CF1E55 /* CleanSwiftArchitecture */ = {
			isa = PBXNativeTarget;
			buildConfigurationList = B1FCB6B927F300BD00CF1E55 /* Build configuration list for PBXNativeTarget "CleanSwiftArchitecture" */;
			buildPhases = (
				B1FCB68B27F300BC00CF1E55 /* Sources */,
				B1FCB68C27F300BC00CF1E55 /* Frameworks */,
				B1FCB68D27F300BC00CF1E55 /* Resources */,
			);
			buildRules = (
			);
			dependencies = (
			);
			name = CleanSwiftArchitecture;
			productName = CleanSwiftArchitecture;
			productReference = B1FCB68F27F300BC00CF1E55 /* CleanSwiftArchitecture.app */;
			productType = "com.apple.product-type.application";
		};
		B1FCB6A427F300BD00CF1E55 /* CleanSwiftArchitectureTests */ = {
			isa = PBXNativeTarget;
			buildConfigurationList = B1FCB6BC27F300BD00CF1E55 /* Build configuration list for PBXNativeTarget "CleanSwiftArchitectureTests" */;
			buildPhases = (
				B1FCB6A127F300BD00CF1E55 /* Sources */,
				B1FCB6A227F300BD00CF1E55 /* Frameworks */,
				B1FCB6A327F300BD00CF1E55 /* Resources */,
			);
			buildRules = (
			);
			dependencies = (
				B1FCB6A727F300BD00CF1E55 /* PBXTargetDependency */,
			);
			name = CleanSwiftArchitectureTests;
			productName = CleanSwiftArchitectureTests;
			productReference = B1FCB6A527F300BD00CF1E55 /* CleanSwiftArchitectureTests.xctest */;
			productType = "com.apple.product-type.bundle.unit-test";
		};
		B1FCB6AE27F300BD00CF1E55 /* CleanSwiftArchitectureUITests */ = {
			isa = PBXNativeTarget;
			buildConfigurationList = B1FCB6BF27F300BD00CF1E55 /* Build configuration list for PBXNativeTarget "CleanSwiftArchitectureUITests" */;
			buildPhases = (
				B1FCB6AB27F300BD00CF1E55 /* Sources */,
				B1FCB6AC27F300BD00CF1E55 /* Frameworks */,
				B1FCB6AD27F300BD00CF1E55 /* Resources */,
			);
			buildRules = (
			);
			dependencies = (
				B1FCB6B127F300BD00CF1E55 /* PBXTargetDependency */,
			);
			name = CleanSwiftArchitectureUITests;
			productName = CleanSwiftArchitectureUITests;
			productReference = B1FCB6AF27F300BD00CF1E55 /* CleanSwiftArchitectureUITests.xctest */;
			productType = "com.apple.product-type.bundle.ui-testing";
		};
/* End PBXNativeTarget section */

/* Begin PBXProject section */
		B1FCB68727F300BC00CF1E55 /* Project object */ = {
			isa = PBXProject;
			attributes = {
				BuildIndependentTargetsInParallel = 1;
				LastSwiftUpdateCheck = 1300;
				LastUpgradeCheck = 1300;
				TargetAttributes = {
					B1FCB68E27F300BC00CF1E55 = {
						CreatedOnToolsVersion = 13.0;
					};
					B1FCB6A427F300BD00CF1E55 = {
						CreatedOnToolsVersion = 13.0;
						TestTargetID = B1FCB68E27F300BC00CF1E55;
					};
					B1FCB6AE27F300BD00CF1E55 = {
						CreatedOnToolsVersion = 13.0;
						TestTargetID = B1FCB68E27F300BC00CF1E55;
					};
				};
			};
			buildConfigurationList = B1FCB68A27F300BC00CF1E55 /* Build configuration list for PBXProject "CleanSwiftArchitecture" */;
			compatibilityVersion = "Xcode 13.0";
			developmentRegion = en;
			hasScannedForEncodings = 0;
			knownRegions = (
				en,
				Base,
			);
			mainGroup = B1FCB68627F300BC00CF1E55;
			productRefGroup = B1FCB69027F300BC00CF1E55 /* Products */;
			projectDirPath = "";
			projectRoot = "";
			targets = (
				B1FCB68E27F300BC00CF1E55 /* CleanSwiftArchitecture */,
				B1FCB6A427F300BD00CF1E55 /* CleanSwiftArchitectureTests */,
				B1FCB6AE27F300BD00CF1E55 /* CleanSwiftArchitectureUITests */,
			);
		};
/* End PBXProject section */

/* Begin PBXResourcesBuildPhase section */
		B1FCB68D27F300BC00CF1E55 /* Resources */ = {
			isa = PBXResourcesBuildPhase;
			buildActionMask = 2147483647;
			files = (
				B1FCB69F27F300BD00CF1E55 /* LaunchScreen.storyboard in Resources */,
				B1FCB69C27F300BD00CF1E55 /* Assets.xcassets in Resources */,
			);
			runOnlyForDeploymentPostprocessing = 0;
		};
		B1FCB6A327F300BD00CF1E55 /* Resources */ = {
			isa = PBXResourcesBuildPhase;
			buildActionMask = 2147483647;
			files = (
			);
			runOnlyForDeploymentPostprocessing = 0;
		};
		B1FCB6AD27F300BD00CF1E55 /* Resources */ = {
			isa = PBXResourcesBuildPhase;
			buildActionMask = 2147483647;
			files = (
			);
			runOnlyForDeploymentPostprocessing = 0;
		};
/* End PBXResourcesBuildPhase section */

/* Begin PBXSourcesBuildPhase section */
		B1FCB68B27F300BC00CF1E55 /* Sources */ = {
			isa = PBXSourcesBuildPhase;
			buildActionMask = 2147483647;
			files = (
				B1FCB6E127F3016000CF1E55 /* DescInteractor.swift in Sources */,
				B1FCB6DC27F3016000CF1E55 /* DescPresenter.swift in Sources */,
				B1FCB6D227F3014C00CF1E55 /* HomeRouter.swift in Sources */,
				B1FCB6E027F3016000CF1E55 /* DescViewController.swift in Sources */,
				B1FCB6E927F301BF00CF1E55 /* Extension+Date.swift in Sources */,
				B1FCB69327F300BC00CF1E55 /* AppDelegate.swift in Sources */,
				B1FCB6EF27F301DF00CF1E55 /* APISession.swift in Sources */,
				B1FCB6D427F3014C00CF1E55 /* HomeViewController.swift in Sources */,
				B1FCB6E627F301B600CF1E55 /* Utils.swift in Sources */,
				B1FCB6F227F301DF00CF1E55 /* NetworkLogger.swift in Sources */,
				B1FCB6F827F3041900CF1E55 /* User.swift in Sources */,
				B1FCB6DD27F3016000CF1E55 /* DescWorker.swift in Sources */,
				B1FCB69527F300BC00CF1E55 /* SceneDelegate.swift in Sources */,
				B1FCB6D127F3014C00CF1E55 /* HomeWorker.swift in Sources */,
				B1FCB6D527F3014C00CF1E55 /* HomeInteractor.swift in Sources */,
				B1FCB6F127F301DF00CF1E55 /* NetworkConfig.swift in Sources */,
				B1FCB6F027F301DF00CF1E55 /* DefaultNetworkService.swift in Sources */,
				B1FCB6D027F3014C00CF1E55 /* HomePresenter.swift in Sources */,
				B1FCB6D327F3014C00CF1E55 /* HomeModels.swift in Sources */,
				B1FCB6DE27F3016000CF1E55 /* DescRouter.swift in Sources */,
				B1FCB6EA27F301BF00CF1E55 /* Extension+UIApplication.swift in Sources */,
				B1FCB6DF27F3016000CF1E55 /* DescModels.swift in Sources */,
			);
			runOnlyForDeploymentPostprocessing = 0;
		};
		B1FCB6A127F300BD00CF1E55 /* Sources */ = {
			isa = PBXSourcesBuildPhase;
			buildActionMask = 2147483647;
			files = (
				B1FCB6AA27F300BD00CF1E55 /* CleanSwiftArchitectureTests.swift in Sources */,
			);
			runOnlyForDeploymentPostprocessing = 0;
		};
		B1FCB6AB27F300BD00CF1E55 /* Sources */ = {
			isa = PBXSourcesBuildPhase;
			buildActionMask = 2147483647;
			files = (
				B1FCB6B427F300BD00CF1E55 /* CleanSwiftArchitectureUITests.swift in Sources */,
				B1FCB6B627F300BD00CF1E55 /* CleanSwiftArchitectureUITestsLaunchTests.swift in Sources */,
			);
			runOnlyForDeploymentPostprocessing = 0;
		};
/* End PBXSourcesBuildPhase section */

/* Begin PBXTargetDependency section */
		B1FCB6A727F300BD00CF1E55 /* PBXTargetDependency */ = {
			isa = PBXTargetDependency;
			target = B1FCB68E27F300BC00CF1E55 /* CleanSwiftArchitecture */;
			targetProxy = B1FCB6A627F300BD00CF1E55 /* PBXContainerItemProxy */;
		};
		B1FCB6B127F300BD00CF1E55 /* PBXTargetDependency */ = {
			isa = PBXTargetDependency;
			target = B1FCB68E27F300BC00CF1E55 /* CleanSwiftArchitecture */;
			targetProxy = B1FCB6B027F300BD00CF1E55 /* PBXContainerItemProxy */;
		};
/* End PBXTargetDependency section */

/* Begin PBXVariantGroup section */
		B1FCB69D27F300BD00CF1E55 /* LaunchScreen.storyboard */ = {
			isa = PBXVariantGroup;
			children = (
				B1FCB69E27F300BD00CF1E55 /* Base */,
			);
			name = LaunchScreen.storyboard;
			sourceTree = "<group>";
		};
/* End PBXVariantGroup section */

/* Begin XCBuildConfiguration section */
		B1FCB6B727F300BD00CF1E55 /* Debug */ = {
			isa = XCBuildConfiguration;
			buildSettings = {
				ALWAYS_SEARCH_USER_PATHS = NO;
				CLANG_ANALYZER_NONNULL = YES;
				CLANG_ANALYZER_NUMBER_OBJECT_CONVERSION = YES_AGGRESSIVE;
				CLANG_CXX_LANGUAGE_STANDARD = "gnu++17";
				CLANG_CXX_LIBRARY = "libc++";
				CLANG_ENABLE_MODULES = YES;
				CLANG_ENABLE_OBJC_ARC = YES;
				CLANG_ENABLE_OBJC_WEAK = YES;
				CLANG_WARN_BLOCK_CAPTURE_AUTORELEASING = YES;
				CLANG_WARN_BOOL_CONVERSION = YES;
				CLANG_WARN_COMMA = YES;
				CLANG_WARN_CONSTANT_CONVERSION = YES;
				CLANG_WARN_DEPRECATED_OBJC_IMPLEMENTATIONS = YES;
				CLANG_WARN_DIRECT_OBJC_ISA_USAGE = YES_ERROR;
				CLANG_WARN_DOCUMENTATION_COMMENTS = YES;
				CLANG_WARN_EMPTY_BODY = YES;
				CLANG_WARN_ENUM_CONVERSION = YES;
				CLANG_WARN_INFINITE_RECURSION = YES;
				CLANG_WARN_INT_CONVERSION = YES;
				CLANG_WARN_NON_LITERAL_NULL_CONVERSION = YES;
				CLANG_WARN_OBJC_IMPLICIT_RETAIN_SELF = YES;
				CLANG_WARN_OBJC_LITERAL_CONVERSION = YES;
				CLANG_WARN_OBJC_ROOT_CLASS = YES_ERROR;
				CLANG_WARN_QUOTED_INCLUDE_IN_FRAMEWORK_HEADER = YES;
				CLANG_WARN_RANGE_LOOP_ANALYSIS = YES;
				CLANG_WARN_STRICT_PROTOTYPES = YES;
				CLANG_WARN_SUSPICIOUS_MOVE = YES;
				CLANG_WARN_UNGUARDED_AVAILABILITY = YES_AGGRESSIVE;
				CLANG_WARN_UNREACHABLE_CODE = YES;
				CLANG_WARN__DUPLICATE_METHOD_MATCH = YES;
				COPY_PHASE_STRIP = NO;
				DEBUG_INFORMATION_FORMAT = dwarf;
				ENABLE_STRICT_OBJC_MSGSEND = YES;
				ENABLE_TESTABILITY = YES;
				GCC_C_LANGUAGE_STANDARD = gnu11;
				GCC_DYNAMIC_NO_PIC = NO;
				GCC_NO_COMMON_BLOCKS = YES;
				GCC_OPTIMIZATION_LEVEL = 0;
				GCC_PREPROCESSOR_DEFINITIONS = (
					"DEBUG=1",
					"$(inherited)",
				);
				GCC_WARN_64_TO_32_BIT_CONVERSION = YES;
				GCC_WARN_ABOUT_RETURN_TYPE = YES_ERROR;
				GCC_WARN_UNDECLARED_SELECTOR = YES;
				GCC_WARN_UNINITIALIZED_AUTOS = YES_AGGRESSIVE;
				GCC_WARN_UNUSED_FUNCTION = YES;
				GCC_WARN_UNUSED_VARIABLE = YES;
				IPHONEOS_DEPLOYMENT_TARGET = 15.0;
				MTL_ENABLE_DEBUG_INFO = INCLUDE_SOURCE;
				MTL_FAST_MATH = YES;
				ONLY_ACTIVE_ARCH = YES;
				SDKROOT = iphoneos;
				SWIFT_ACTIVE_COMPILATION_CONDITIONS = DEBUG;
				SWIFT_OPTIMIZATION_LEVEL = "-Onone";
			};
			name = Debug;
		};
		B1FCB6B827F300BD00CF1E55 /* Release */ = {
			isa = XCBuildConfiguration;
			buildSettings = {
				ALWAYS_SEARCH_USER_PATHS = NO;
				CLANG_ANALYZER_NONNULL = YES;
				CLANG_ANALYZER_NUMBER_OBJECT_CONVERSION = YES_AGGRESSIVE;
				CLANG_CXX_LANGUAGE_STANDARD = "gnu++17";
				CLANG_CXX_LIBRARY = "libc++";
				CLANG_ENABLE_MODULES = YES;
				CLANG_ENABLE_OBJC_ARC = YES;
				CLANG_ENABLE_OBJC_WEAK = YES;
				CLANG_WARN_BLOCK_CAPTURE_AUTORELEASING = YES;
				CLANG_WARN_BOOL_CONVERSION = YES;
				CLANG_WARN_COMMA = YES;
				CLANG_WARN_CONSTANT_CONVERSION = YES;
				CLANG_WARN_DEPRECATED_OBJC_IMPLEMENTATIONS = YES;
				CLANG_WARN_DIRECT_OBJC_ISA_USAGE = YES_ERROR;
				CLANG_WARN_DOCUMENTATION_COMMENTS = YES;
				CLANG_WARN_EMPTY_BODY = YES;
				CLANG_WARN_ENUM_CONVERSION = YES;
				CLANG_WARN_INFINITE_RECURSION = YES;
				CLANG_WARN_INT_CONVERSION = YES;
				CLANG_WARN_NON_LITERAL_NULL_CONVERSION = YES;
				CLANG_WARN_OBJC_IMPLICIT_RETAIN_SELF = YES;
				CLANG_WARN_OBJC_LITERAL_CONVERSION = YES;
				CLANG_WARN_OBJC_ROOT_CLASS = YES_ERROR;
				CLANG_WARN_QUOTED_INCLUDE_IN_FRAMEWORK_HEADER = YES;
				CLANG_WARN_RANGE_LOOP_ANALYSIS = YES;
				CLANG_WARN_STRICT_PROTOTYPES = YES;
				CLANG_WARN_SUSPICIOUS_MOVE = YES;
				CLANG_WARN_UNGUARDED_AVAILABILITY = YES_AGGRESSIVE;
				CLANG_WARN_UNREACHABLE_CODE = YES;
				CLANG_WARN__DUPLICATE_METHOD_MATCH = YES;
				COPY_PHASE_STRIP = NO;
				DEBUG_INFORMATION_FORMAT = "dwarf-with-dsym";
				ENABLE_NS_ASSERTIONS = NO;
				ENABLE_STRICT_OBJC_MSGSEND = YES;
				GCC_C_LANGUAGE_STANDARD = gnu11;
				GCC_NO_COMMON_BLOCKS = YES;
				GCC_WARN_64_TO_32_BIT_CONVERSION = YES;
				GCC_WARN_ABOUT_RETURN_TYPE = YES_ERROR;
				GCC_WARN_UNDECLARED_SELECTOR = YES;
				GCC_WARN_UNINITIALIZED_AUTOS = YES_AGGRESSIVE;
				GCC_WARN_UNUSED_FUNCTION = YES;
				GCC_WARN_UNUSED_VARIABLE = YES;
				IPHONEOS_DEPLOYMENT_TARGET = 15.0;
				MTL_ENABLE_DEBUG_INFO = NO;
				MTL_FAST_MATH = YES;
				SDKROOT = iphoneos;
				SWIFT_COMPILATION_MODE = wholemodule;
				SWIFT_OPTIMIZATION_LEVEL = "-O";
				VALIDATE_PRODUCT = YES;
			};
			name = Release;
		};
		B1FCB6BA27F300BD00CF1E55 /* Debug */ = {
			isa = XCBuildConfiguration;
			buildSettings = {
				ASSETCATALOG_COMPILER_APPICON_NAME = AppIcon;
				ASSETCATALOG_COMPILER_GLOBAL_ACCENT_COLOR_NAME = AccentColor;
				CODE_SIGN_STYLE = Automatic;
				CURRENT_PROJECT_VERSION = 1;
				DEVELOPMENT_TEAM = 8YTRA2Z26W;
				GENERATE_INFOPLIST_FILE = YES;
				INFOPLIST_FILE = CleanSwiftArchitecture/Info.plist;
				INFOPLIST_KEY_UIApplicationSupportsIndirectInputEvents = YES;
				INFOPLIST_KEY_UILaunchStoryboardName = LaunchScreen;
				INFOPLIST_KEY_UISupportedInterfaceOrientations_iPad = "UIInterfaceOrientationPortrait UIInterfaceOrientationPortraitUpsideDown UIInterfaceOrientationLandscapeLeft UIInterfaceOrientationLandscapeRight";
				INFOPLIST_KEY_UISupportedInterfaceOrientations_iPhone = "UIInterfaceOrientationPortrait UIInterfaceOrientationLandscapeLeft UIInterfaceOrientationLandscapeRight";
				LD_RUNPATH_SEARCH_PATHS = (
					"$(inherited)",
					"@executable_path/Frameworks",
				);
				MARKETING_VERSION = 1.0;
				PRODUCT_BUNDLE_IDENTIFIER = com.coway.CleanSwiftArchitecture;
				PRODUCT_NAME = "$(TARGET_NAME)";
				SWIFT_EMIT_LOC_STRINGS = YES;
				SWIFT_VERSION = 5.0;
				TARGETED_DEVICE_FAMILY = "1,2";
			};
			name = Debug;
		};
		B1FCB6BB27F300BD00CF1E55 /* Release */ = {
			isa = XCBuildConfiguration;
			buildSettings = {
				ASSETCATALOG_COMPILER_APPICON_NAME = AppIcon;
				ASSETCATALOG_COMPILER_GLOBAL_ACCENT_COLOR_NAME = AccentColor;
				CODE_SIGN_STYLE = Automatic;
				CURRENT_PROJECT_VERSION = 1;
				DEVELOPMENT_TEAM = 8YTRA2Z26W;
				GENERATE_INFOPLIST_FILE = YES;
				INFOPLIST_FILE = CleanSwiftArchitecture/Info.plist;
				INFOPLIST_KEY_UIApplicationSupportsIndirectInputEvents = YES;
				INFOPLIST_KEY_UILaunchStoryboardName = LaunchScreen;
				INFOPLIST_KEY_UISupportedInterfaceOrientations_iPad = "UIInterfaceOrientationPortrait UIInterfaceOrientationPortraitUpsideDown UIInterfaceOrientationLandscapeLeft UIInterfaceOrientationLandscapeRight";
				INFOPLIST_KEY_UISupportedInterfaceOrientations_iPhone = "UIInterfaceOrientationPortrait UIInterfaceOrientationLandscapeLeft UIInterfaceOrientationLandscapeRight";
				LD_RUNPATH_SEARCH_PATHS = (
					"$(inherited)",
					"@executable_path/Frameworks",
				);
				MARKETING_VERSION = 1.0;
				PRODUCT_BUNDLE_IDENTIFIER = com.coway.CleanSwiftArchitecture;
				PRODUCT_NAME = "$(TARGET_NAME)";
				SWIFT_EMIT_LOC_STRINGS = YES;
				SWIFT_VERSION = 5.0;
				TARGETED_DEVICE_FAMILY = "1,2";
			};
			name = Release;
		};
		B1FCB6BD27F300BD00CF1E55 /* Debug */ = {
			isa = XCBuildConfiguration;
			buildSettings = {
				ALWAYS_EMBED_SWIFT_STANDARD_LIBRARIES = YES;
				BUNDLE_LOADER = "$(TEST_HOST)";
				CODE_SIGN_STYLE = Automatic;
				CURRENT_PROJECT_VERSION = 1;
				DEVELOPMENT_TEAM = 8YTRA2Z26W;
				GENERATE_INFOPLIST_FILE = YES;
				IPHONEOS_DEPLOYMENT_TARGET = 15.0;
				LD_RUNPATH_SEARCH_PATHS = (
					"$(inherited)",
					"@executable_path/Frameworks",
					"@loader_path/Frameworks",
				);
				MARKETING_VERSION = 1.0;
				PRODUCT_BUNDLE_IDENTIFIER = com.coway.CleanSwiftArchitectureTests;
				PRODUCT_NAME = "$(TARGET_NAME)";
				SWIFT_EMIT_LOC_STRINGS = NO;
				SWIFT_VERSION = 5.0;
				TARGETED_DEVICE_FAMILY = "1,2";
				TEST_HOST = "$(BUILT_PRODUCTS_DIR)/CleanSwiftArchitecture.app/CleanSwiftArchitecture";
			};
			name = Debug;
		};
		B1FCB6BE27F300BD00CF1E55 /* Release */ = {
			isa = XCBuildConfiguration;
			buildSettings = {
				ALWAYS_EMBED_SWIFT_STANDARD_LIBRARIES = YES;
				BUNDLE_LOADER = "$(TEST_HOST)";
				CODE_SIGN_STYLE = Automatic;
				CURRENT_PROJECT_VERSION = 1;
				DEVELOPMENT_TEAM = 8YTRA2Z26W;
				GENERATE_INFOPLIST_FILE = YES;
				IPHONEOS_DEPLOYMENT_TARGET = 15.0;
				LD_RUNPATH_SEARCH_PATHS = (
					"$(inherited)",
					"@executable_path/Frameworks",
					"@loader_path/Frameworks",
				);
				MARKETING_VERSION = 1.0;
				PRODUCT_BUNDLE_IDENTIFIER = com.coway.CleanSwiftArchitectureTests;
				PRODUCT_NAME = "$(TARGET_NAME)";
				SWIFT_EMIT_LOC_STRINGS = NO;
				SWIFT_VERSION = 5.0;
				TARGETED_DEVICE_FAMILY = "1,2";
				TEST_HOST = "$(BUILT_PRODUCTS_DIR)/CleanSwiftArchitecture.app/CleanSwiftArchitecture";
			};
			name = Release;
		};
		B1FCB6C027F300BD00CF1E55 /* Debug */ = {
			isa = XCBuildConfiguration;
			buildSettings = {
				ALWAYS_EMBED_SWIFT_STANDARD_LIBRARIES = YES;
				CODE_SIGN_STYLE = Automatic;
				CURRENT_PROJECT_VERSION = 1;
				DEVELOPMENT_TEAM = 8YTRA2Z26W;
				GENERATE_INFOPLIST_FILE = YES;
				LD_RUNPATH_SEARCH_PATHS = (
					"$(inherited)",
					"@executable_path/Frameworks",
					"@loader_path/Frameworks",
				);
				MARKETING_VERSION = 1.0;
				PRODUCT_BUNDLE_IDENTIFIER = com.coway.CleanSwiftArchitectureUITests;
				PRODUCT_NAME = "$(TARGET_NAME)";
				SWIFT_EMIT_LOC_STRINGS = NO;
				SWIFT_VERSION = 5.0;
				TARGETED_DEVICE_FAMILY = "1,2";
				TEST_TARGET_NAME = CleanSwiftArchitecture;
			};
			name = Debug;
		};
		B1FCB6C127F300BD00CF1E55 /* Release */ = {
			isa = XCBuildConfiguration;
			buildSettings = {
				ALWAYS_EMBED_SWIFT_STANDARD_LIBRARIES = YES;
				CODE_SIGN_STYLE = Automatic;
				CURRENT_PROJECT_VERSION = 1;
				DEVELOPMENT_TEAM = 8YTRA2Z26W;
				GENERATE_INFOPLIST_FILE = YES;
				LD_RUNPATH_SEARCH_PATHS = (
					"$(inherited)",
					"@executable_path/Frameworks",
					"@loader_path/Frameworks",
				);
				MARKETING_VERSION = 1.0;
				PRODUCT_BUNDLE_IDENTIFIER = com.coway.CleanSwiftArchitectureUITests;
				PRODUCT_NAME = "$(TARGET_NAME)";
				SWIFT_EMIT_LOC_STRINGS = NO;
				SWIFT_VERSION = 5.0;
				TARGETED_DEVICE_FAMILY = "1,2";
				TEST_TARGET_NAME = CleanSwiftArchitecture;
			};
			name = Release;
		};
/* End XCBuildConfiguration section */

/* Begin XCConfigurationList section */
		B1FCB68A27F300BC00CF1E55 /* Build configuration list for PBXProject "CleanSwiftArchitecture" */ = {
			isa = XCConfigurationList;
			buildConfigurations = (
				B1FCB6B727F300BD00CF1E55 /* Debug */,
				B1FCB6B827F300BD00CF1E55 /* Release */,
			);
			defaultConfigurationIsVisible = 0;
			defaultConfigurationName = Release;
		};
		B1FCB6B927F300BD00CF1E55 /* Build configuration list for PBXNativeTarget "CleanSwiftArchitecture" */ = {
			isa = XCConfigurationList;
			buildConfigurations = (
				B1FCB6BA27F300BD00CF1E55 /* Debug */,
				B1FCB6BB27F300BD00CF1E55 /* Release */,
			);
			defaultConfigurationIsVisible = 0;
			defaultConfigurationName = Release;
		};
		B1FCB6BC27F300BD00CF1E55 /* Build configuration list for PBXNativeTarget "CleanSwiftArchitectureTests" */ = {
			isa = XCConfigurationList;
			buildConfigurations = (
				B1FCB6BD27F300BD00CF1E55 /* Debug */,
				B1FCB6BE27F300BD00CF1E55 /* Release */,
			);
			defaultConfigurationIsVisible = 0;
			defaultConfigurationName = Release;
		};
		B1FCB6BF27F300BD00CF1E55 /* Build configuration list for PBXNativeTarget "CleanSwiftArchitectureUITests" */ = {
			isa = XCConfigurationList;
			buildConfigurations = (
				B1FCB6C027F300BD00CF1E55 /* Debug */,
				B1FCB6C127F300BD00CF1E55 /* Release */,
			);
			defaultConfigurationIsVisible = 0;
			defaultConfigurationName = Release;
		};
/* End XCConfigurationList section */
	};
	rootObject = B1FCB68727F300BC00CF1E55 /* Project object */;
}
